Microsoft Visual Studio Solution File, Format Version 12.00
# Visual Studio Version 16
VisualStudioVersion = 16.0.32106.194
MinimumVisualStudioVersion = 10.0.40219.1
Project("{2150E333-8FDC-42A3-9474-1A3956D46DE8}") = "Solution Items", "Solution Items", "{7EBEF044-C12D-4B14-BD5A-BD0C8434D750}"
	ProjectSection(SolutionItems) = preProject
		.editorconfig = .editorconfig
		.gitignore = .gitignore
		.github\workflows\build.yml = .github\workflows\build.yml
		.github\dependabot.yml = .github\dependabot.yml
		GitVersion.yml = GitVersion.yml
	EndProjectSection
EndProject
Project("{9A19103F-16F7-4668-BE54-9A1E7A4F7556}") = "OxyPlot.Eto", "OxyPlot.Eto\OxyPlot.Eto.csproj", "{F2680D47-40B9-46FC-9F31-A51998C65EA3}"
EndProject
Project("{9A19103F-16F7-4668-BE54-9A1E7A4F7556}") = "OxyPlot.Eto.Skia", "OxyPlot.Eto.Skia\OxyPlot.Eto.Skia.csproj", "{76213DF7-7F84-4E32-806F-C6D2F51F4818}"
EndProject
Project("{9A19103F-16F7-4668-BE54-9A1E7A4F7556}") = "OxyPlot.Eto.Demo", "OxyPlot.Eto.Demo\OxyPlot.Eto.Demo.csproj", "{C78634D9-3D5F-4451-97E9-F5BDAE5C5E43}"
EndProject
Global
	GlobalSection(SolutionConfigurationPlatforms) = preSolution
		Debug|Any CPU = Debug|Any CPU
		Release|Any CPU = Release|Any CPU
	EndGlobalSection
	GlobalSection(ProjectConfigurationPlatforms) = postSolution
		{F2680D47-40B9-46FC-9F31-A51998C65EA3}.Debug|Any CPU.ActiveCfg = Debug|Any CPU
		{F2680D47-40B9-46FC-9F31-A51998C65EA3}.Debug|Any CPU.Build.0 = Debug|Any CPU
		{F2680D47-40B9-46FC-9F31-A51998C65EA3}.Release|Any CPU.ActiveCfg = Release|Any CPU
		{F2680D47-40B9-46FC-9F31-A51998C65EA3}.Release|Any CPU.Build.0 = Release|Any CPU
		{76213DF7-7F84-4E32-806F-C6D2F51F4818}.Debug|Any CPU.ActiveCfg = Debug|Any CPU
		{76213DF7-7F84-4E32-806F-C6D2F51F4818}.Debug|Any CPU.Build.0 = Debug|Any CPU
		{76213DF7-7F84-4E32-806F-C6D2F51F4818}.Release|Any CPU.ActiveCfg = Release|Any CPU
		{76213DF7-7F84-4E32-806F-C6D2F51F4818}.Release|Any CPU.Build.0 = Release|Any CPU
		{C78634D9-3D5F-4451-97E9-F5BDAE5C5E43}.Debug|Any CPU.ActiveCfg = Debug|Any CPU
		{C78634D9-3D5F-4451-97E9-F5BDAE5C5E43}.Debug|Any CPU.Build.0 = Debug|Any CPU
		{C78634D9-3D5F-4451-97E9-F5BDAE5C5E43}.Release|Any CPU.ActiveCfg = Release|Any CPU
		{C78634D9-3D5F-4451-97E9-F5BDAE5C5E43}.Release|Any CPU.Build.0 = Release|Any CPU
	EndGlobalSection
	GlobalSection(SolutionProperties) = preSolution
		HideSolutionNode = FALSE
	EndGlobalSection
	GlobalSection(ExtensibilityGlobals) = postSolution
		SolutionGuid = {81E3482A-B21C-49EC-A825-08AEACEB8E5B}
	EndGlobalSection
EndGlobal
